{
  "requires": true,
  "lockfileVersion": 1,
  "dependencies": {
    "tabulator-tables": {
      "version": "4.1.4",
      "resolved": "https://registry.npmjs.org/tabulator-tables/-/tabulator-tables-4.1.4.tgz",
      "integrity": "sha512-4eM9k7OyUmV25G6mB4dDJ10jm7Um70HwzkGxD/QGAHirr6uXdVTGHH8SARraIaOULhopMRLOaFPDZupYyc5KYw=="
    }
  }
}
